
Microsoft Visual Studio Solution File, Format Version 12.00
# Visual Studio Version 17
VisualStudioVersion = 17.8.34316.72
MinimumVisualStudioVersion = 10.0.40219.1
Project("{FAE04EC0-301F-11D3-BF4B-00C04F79EFBC}") = "ConsoleWindowsHosting", "ConsoleWindowsHosting.csproj", "{8C894315-F644-4C0F-B248-BF08A094321A}"
EndProject
Global
	GlobalSection(SolutionConfigurationPlatforms) = preSolution
		Debug|Any CPU = Debug|Any CPU
		Release|Any CPU = Release|Any CPU
	EndGlobalSection
	GlobalSection(ProjectConfigurationPlatforms) = postSolution
		{8C894315-F644-4C0F-B248-BF08A094321A}.Debug|Any CPU.ActiveCfg = Debug|Any CPU
		{8C894315-F644-4C0F-B248-BF08A094321A}.Debug|Any CPU.Build.0 = Debug|Any CPU
		{8C894315-F644-4C0F-B248-BF08A094321A}.Release|Any CPU.ActiveCfg = Release|Any CPU
		{8C894315-F644-4C0F-B248-BF08A094321A}.Release|Any CPU.Build.0 = Release|Any CPU
	EndGlobalSection
	GlobalSection(SolutionProperties) = preSolution
		HideSolutionNode = FALSE
	EndGlobalSection
	GlobalSection(ExtensibilityGlobals) = postSolution
		SolutionGuid = {DBC4007C-7CB2-428D-9FFA-D4949735D48F}
	EndGlobalSection
EndGlobal
